
Microsoft Visual Studio Solution File, Format Version 12.00
# Visual Studio Version 17
VisualStudioVersion = 17.5.33530.505
MinimumVisualStudioVersion = 10.0.40219.1
Project("{FAE04EC0-301F-11D3-BF4B-00C04F79EFBC}") = "CoreRandomGenerators", "CoreRandomGenerators\CoreRandomGenerators.csproj", "{0FC9F805-86C6-4E20-AA61-173DF220A78E}"
EndProject
Project("{2150E333-8FDC-42A3-9474-1A3956D46DE8}") = "Submodules", "Submodules", "{FC31F544-ECB3-4D37-A8BA-2CBE47E2DC8B}"
EndProject
Project("{2150E333-8FDC-42A3-9474-1A3956D46DE8}") = "ConsoleLibrary", "ConsoleLibrary", "{E69DC90B-51F2-4491-8AB8-18F411C541B0}"
EndProject
Project("{2150E333-8FDC-42A3-9474-1A3956D46DE8}") = "Console", "Console", "{4641743F-D0DF-4A17-B60B-1331FC164B67}"
EndProject
Project("{2150E333-8FDC-42A3-9474-1A3956D46DE8}") = "Work", "Work", "{5C6A2DC6-20B1-4D09-AEA3-9B197FEF8DA6}"
EndProject
Project("{9A19103F-16F7-4668-BE54-9A1E7A4F7556}") = "ConsoleLibrary", "Submodules\ConsoleLibrary\Library\Console\ConsoleLibrary\ConsoleLibrary.csproj", "{5351609D-072C-405C-9E47-25B64CA1E4CD}"
EndProject
Project("{FAE04EC0-301F-11D3-BF4B-00C04F79EFBC}") = "ConsoleLibrary.Droid", "Submodules\ConsoleLibrary\Library\Console\ConsoleLibrary.Droid\ConsoleLibrary.Droid.csproj", "{BF45690B-9DD8-4E8A-9D41-0BEC309F2795}"
EndProject
Project("{FAE04EC0-301F-11D3-BF4B-00C04F79EFBC}") = "ConsoleLibrary.UWP", "Submodules\ConsoleLibrary\Library\Console\ConsoleLibrary.UWP\ConsoleLibrary.UWP.csproj", "{014506A7-2013-4A74-B50E-BE9D52C643B2}"
EndProject
Project("{9A19103F-16F7-4668-BE54-9A1E7A4F7556}") = "WorkInvoker", "Submodules\ConsoleLibrary\Library\Work\WorkInvoker\WorkInvoker.csproj", "{D9F8FFEB-C6A6-4730-A74A-5A59361E47D1}"
EndProject
Project("{2150E333-8FDC-42A3-9474-1A3956D46DE8}") = "App", "App", "{0A2529AC-3607-48BC-B757-84A7E86BD500}"
EndProject
Project("{FAE04EC0-301F-11D3-BF4B-00C04F79EFBC}") = "SharedWorks", "App\SharedWorks\SharedWorks.csproj", "{E9B7266E-8465-4154-BC4D-696C9308D078}"
EndProject
Project("{2150E333-8FDC-42A3-9474-1A3956D46DE8}") = "Init", "Init", "{F794E7A8-EFDB-48F9-B575-139151E329F6}"
EndProject
Project("{FAE04EC0-301F-11D3-BF4B-00C04F79EFBC}") = "RandomGeneratorsApp.UWP", "App\Init\RandomGeneratorsApp\RandomGeneratorsApp.UWP\RandomGeneratorsApp.UWP.csproj", "{E34E5EF6-D388-4801-92C1-3CD58A9ACC60}"
EndProject
Project("{FAE04EC0-301F-11D3-BF4B-00C04F79EFBC}") = "RandomGeneratorsApp.Android", "App\Init\RandomGeneratorsApp\RandomGeneratorsApp.Android\RandomGeneratorsApp.Android.csproj", "{B805E8E1-5781-485D-A76F-3E746D37C959}"
EndProject
Project("{FAE04EC0-301F-11D3-BF4B-00C04F79EFBC}") = "RandomGeneratorsApp", "App\Init\RandomGeneratorsApp\RandomGeneratorsApp\RandomGeneratorsApp.csproj", "{0AA462AA-9420-4C12-A342-754A5ECE3C75}"
EndProject
Global
	GlobalSection(SolutionConfigurationPlatforms) = preSolution
		Debug|Any CPU = Debug|Any CPU
		Debug|ARM = Debug|ARM
		Debug|ARM64 = Debug|ARM64
		Debug|x64 = Debug|x64
		Debug|x86 = Debug|x86
		Release|Any CPU = Release|Any CPU
		Release|ARM = Release|ARM
		Release|ARM64 = Release|ARM64
		Release|x64 = Release|x64
		Release|x86 = Release|x86
	EndGlobalSection
	GlobalSection(ProjectConfigurationPlatforms) = postSolution
		{0FC9F805-86C6-4E20-AA61-173DF220A78E}.Debug|Any CPU.ActiveCfg = Debug|Any CPU
		{0FC9F805-86C6-4E20-AA61-173DF220A78E}.Debug|Any CPU.Build.0 = Debug|Any CPU
		{0FC9F805-86C6-4E20-AA61-173DF220A78E}.Debug|ARM.ActiveCfg = Debug|Any CPU
		{0FC9F805-86C6-4E20-AA61-173DF220A78E}.Debug|ARM.Build.0 = Debug|Any CPU
		{0FC9F805-86C6-4E20-AA61-173DF220A78E}.Debug|ARM64.ActiveCfg = Debug|Any CPU
		{0FC9F805-86C6-4E20-AA61-173DF220A78E}.Debug|ARM64.Build.0 = Debug|Any CPU
		{0FC9F805-86C6-4E20-AA61-173DF220A78E}.Debug|x64.ActiveCfg = Debug|Any CPU
		{0FC9F805-86C6-4E20-AA61-173DF220A78E}.Debug|x64.Build.0 = Debug|Any CPU
		{0FC9F805-86C6-4E20-AA61-173DF220A78E}.Debug|x86.ActiveCfg = Debug|Any CPU
		{0FC9F805-86C6-4E20-AA61-173DF220A78E}.Debug|x86.Build.0 = Debug|Any CPU
		{0FC9F805-86C6-4E20-AA61-173DF220A78E}.Release|Any CPU.ActiveCfg = Release|Any CPU
		{0FC9F805-86C6-4E20-AA61-173DF220A78E}.Release|Any CPU.Build.0 = Release|Any CPU
		{0FC9F805-86C6-4E20-AA61-173DF220A78E}.Release|ARM.ActiveCfg = Release|Any CPU
		{0FC9F805-86C6-4E20-AA61-173DF220A78E}.Release|ARM.Build.0 = Release|Any CPU
		{0FC9F805-86C6-4E20-AA61-173DF220A78E}.Release|ARM64.ActiveCfg = Release|Any CPU
		{0FC9F805-86C6-4E20-AA61-173DF220A78E}.Release|ARM64.Build.0 = Release|Any CPU
		{0FC9F805-86C6-4E20-AA61-173DF220A78E}.Release|x64.ActiveCfg = Release|Any CPU
		{0FC9F805-86C6-4E20-AA61-173DF220A78E}.Release|x64.Build.0 = Release|Any CPU
		{0FC9F805-86C6-4E20-AA61-173DF220A78E}.Release|x86.ActiveCfg = Release|Any CPU
		{0FC9F805-86C6-4E20-AA61-173DF220A78E}.Release|x86.Build.0 = Release|Any CPU
		{5351609D-072C-405C-9E47-25B64CA1E4CD}.Debug|Any CPU.ActiveCfg = Debug|Any CPU
		{5351609D-072C-405C-9E47-25B64CA1E4CD}.Debug|Any CPU.Build.0 = Debug|Any CPU
		{5351609D-072C-405C-9E47-25B64CA1E4CD}.Debug|ARM.ActiveCfg = Debug|Any CPU
		{5351609D-072C-405C-9E47-25B64CA1E4CD}.Debug|ARM.Build.0 = Debug|Any CPU
		{5351609D-072C-405C-9E47-25B64CA1E4CD}.Debug|ARM64.ActiveCfg = Debug|Any CPU
		{5351609D-072C-405C-9E47-25B64CA1E4CD}.Debug|ARM64.Build.0 = Debug|Any CPU
		{5351609D-072C-405C-9E47-25B64CA1E4CD}.Debug|x64.ActiveCfg = Debug|Any CPU
		{5351609D-072C-405C-9E47-25B64CA1E4CD}.Debug|x64.Build.0 = Debug|Any CPU
		{5351609D-072C-405C-9E47-25B64CA1E4CD}.Debug|x86.ActiveCfg = Debug|Any CPU
		{5351609D-072C-405C-9E47-25B64CA1E4CD}.Debug|x86.Build.0 = Debug|Any CPU
		{5351609D-072C-405C-9E47-25B64CA1E4CD}.Release|Any CPU.ActiveCfg = Release|Any CPU
		{5351609D-072C-405C-9E47-25B64CA1E4CD}.Release|Any CPU.Build.0 = Release|Any CPU
		{5351609D-072C-405C-9E47-25B64CA1E4CD}.Release|ARM.ActiveCfg = Release|Any CPU
		{5351609D-072C-405C-9E47-25B64CA1E4CD}.Release|ARM.Build.0 = Release|Any CPU
		{5351609D-072C-405C-9E47-25B64CA1E4CD}.Release|ARM64.ActiveCfg = Release|Any CPU
		{5351609D-072C-405C-9E47-25B64CA1E4CD}.Release|ARM64.Build.0 = Release|Any CPU
		{5351609D-072C-405C-9E47-25B64CA1E4CD}.Release|x64.ActiveCfg = Release|Any CPU
		{5351609D-072C-405C-9E47-25B64CA1E4CD}.Release|x64.Build.0 = Release|Any CPU
		{5351609D-072C-405C-9E47-25B64CA1E4CD}.Release|x86.ActiveCfg = Release|Any CPU
		{5351609D-072C-405C-9E47-25B64CA1E4CD}.Release|x86.Build.0 = Release|Any CPU
		{BF45690B-9DD8-4E8A-9D41-0BEC309F2795}.Debug|Any CPU.ActiveCfg = Debug|Any CPU
		{BF45690B-9DD8-4E8A-9D41-0BEC309F2795}.Debug|Any CPU.Build.0 = Debug|Any CPU
		{BF45690B-9DD8-4E8A-9D41-0BEC309F2795}.Debug|ARM.ActiveCfg = Debug|Any CPU
		{BF45690B-9DD8-4E8A-9D41-0BEC309F2795}.Debug|ARM.Build.0 = Debug|Any CPU
		{BF45690B-9DD8-4E8A-9D41-0BEC309F2795}.Debug|ARM64.ActiveCfg = Debug|Any CPU
		{BF45690B-9DD8-4E8A-9D41-0BEC309F2795}.Debug|ARM64.Build.0 = Debug|Any CPU
		{BF45690B-9DD8-4E8A-9D41-0BEC309F2795}.Debug|x64.ActiveCfg = Debug|Any CPU
		{BF45690B-9DD8-4E8A-9D41-0BEC309F2795}.Debug|x64.Build.0 = Debug|Any CPU
		{BF45690B-9DD8-4E8A-9D41-0BEC309F2795}.Debug|x86.ActiveCfg = Debug|Any CPU
		{BF45690B-9DD8-4E8A-9D41-0BEC309F2795}.Debug|x86.Build.0 = Debug|Any CPU
		{BF45690B-9DD8-4E8A-9D41-0BEC309F2795}.Release|Any CPU.ActiveCfg = Release|Any CPU
		{BF45690B-9DD8-4E8A-9D41-0BEC309F2795}.Release|Any CPU.Build.0 = Release|Any CPU
		{BF45690B-9DD8-4E8A-9D41-0BEC309F2795}.Release|ARM.ActiveCfg = Release|Any CPU
		{BF45690B-9DD8-4E8A-9D41-0BEC309F2795}.Release|ARM.Build.0 = Release|Any CPU
		{BF45690B-9DD8-4E8A-9D41-0BEC309F2795}.Release|ARM64.ActiveCfg = Release|Any CPU
		{BF45690B-9DD8-4E8A-9D41-0BEC309F2795}.Release|ARM64.Build.0 = Release|Any CPU
		{BF45690B-9DD8-4E8A-9D41-0BEC309F2795}.Release|x64.ActiveCfg = Release|Any CPU
		{BF45690B-9DD8-4E8A-9D41-0BEC309F2795}.Release|x64.Build.0 = Release|Any CPU
		{BF45690B-9DD8-4E8A-9D41-0BEC309F2795}.Release|x86.ActiveCfg = Release|Any CPU
		{BF45690B-9DD8-4E8A-9D41-0BEC309F2795}.Release|x86.Build.0 = Release|Any CPU
		{014506A7-2013-4A74-B50E-BE9D52C643B2}.Debug|Any CPU.ActiveCfg = Debug|Any CPU
		{014506A7-2013-4A74-B50E-BE9D52C643B2}.Debug|Any CPU.Build.0 = Debug|Any CPU
		{014506A7-2013-4A74-B50E-BE9D52C643B2}.Debug|ARM.ActiveCfg = Debug|ARM
		{014506A7-2013-4A74-B50E-BE9D52C643B2}.Debug|ARM.Build.0 = Debug|ARM
		{014506A7-2013-4A74-B50E-BE9D52C643B2}.Debug|ARM64.ActiveCfg = Debug|ARM64
		{014506A7-2013-4A74-B50E-BE9D52C643B2}.Debug|ARM64.Build.0 = Debug|ARM64
		{014506A7-2013-4A74-B50E-BE9D52C643B2}.Debug|x64.ActiveCfg = Debug|x64
		{014506A7-2013-4A74-B50E-BE9D52C643B2}.Debug|x64.Build.0 = Debug|x64
		{014506A7-2013-4A74-B50E-BE9D52C643B2}.Debug|x86.ActiveCfg = Debug|x86
		{014506A7-2013-4A74-B50E-BE9D52C643B2}.Debug|x86.Build.0 = Debug|x86
		{014506A7-2013-4A74-B50E-BE9D52C643B2}.Release|Any CPU.ActiveCfg = Release|Any CPU
		{014506A7-2013-4A74-B50E-BE9D52C643B2}.Release|Any CPU.Build.0 = Release|Any CPU
		{014506A7-2013-4A74-B50E-BE9D52C643B2}.Release|ARM.ActiveCfg = Release|ARM
		{014506A7-2013-4A74-B50E-BE9D52C643B2}.Release|ARM.Build.0 = Release|ARM
		{014506A7-2013-4A74-B50E-BE9D52C643B2}.Release|ARM64.ActiveCfg = Release|ARM64
		{014506A7-2013-4A74-B50E-BE9D52C643B2}.Release|ARM64.Build.0 = Release|ARM64
		{014506A7-2013-4A74-B50E-BE9D52C643B2}.Release|x64.ActiveCfg = Release|x64
		{014506A7-2013-4A74-B50E-BE9D52C643B2}.Release|x64.Build.0 = Release|x64
		{014506A7-2013-4A74-B50E-BE9D52C643B2}.Release|x86.ActiveCfg = Release|x86
		{014506A7-2013-4A74-B50E-BE9D52C643B2}.Release|x86.Build.0 = Release|x86
		{D9F8FFEB-C6A6-4730-A74A-5A59361E47D1}.Debug|Any CPU.ActiveCfg = Debug|Any CPU
		{D9F8FFEB-C6A6-4730-A74A-5A59361E47D1}.Debug|Any CPU.Build.0 = Debug|Any CPU
		{D9F8FFEB-C6A6-4730-A74A-5A59361E47D1}.Debug|ARM.ActiveCfg = Debug|Any CPU
		{D9F8FFEB-C6A6-4730-A74A-5A59361E47D1}.Debug|ARM.Build.0 = Debug|Any CPU
		{D9F8FFEB-C6A6-4730-A74A-5A59361E47D1}.Debug|ARM64.ActiveCfg = Debug|Any CPU
		{D9F8FFEB-C6A6-4730-A74A-5A59361E47D1}.Debug|ARM64.Build.0 = Debug|Any CPU
		{D9F8FFEB-C6A6-4730-A74A-5A59361E47D1}.Debug|x64.ActiveCfg = Debug|Any CPU
		{D9F8FFEB-C6A6-4730-A74A-5A59361E47D1}.Debug|x64.Build.0 = Debug|Any CPU
		{D9F8FFEB-C6A6-4730-A74A-5A59361E47D1}.Debug|x86.ActiveCfg = Debug|Any CPU
		{D9F8FFEB-C6A6-4730-A74A-5A59361E47D1}.Debug|x86.Build.0 = Debug|Any CPU
		{D9F8FFEB-C6A6-4730-A74A-5A59361E47D1}.Release|Any CPU.ActiveCfg = Release|Any CPU
		{D9F8FFEB-C6A6-4730-A74A-5A59361E47D1}.Release|Any CPU.Build.0 = Release|Any CPU
		{D9F8FFEB-C6A6-4730-A74A-5A59361E47D1}.Release|ARM.ActiveCfg = Release|Any CPU
		{D9F8FFEB-C6A6-4730-A74A-5A59361E47D1}.Release|ARM.Build.0 = Release|Any CPU
		{D9F8FFEB-C6A6-4730-A74A-5A59361E47D1}.Release|ARM64.ActiveCfg = Release|Any CPU
		{D9F8FFEB-C6A6-4730-A74A-5A59361E47D1}.Release|ARM64.Build.0 = Release|Any CPU
		{D9F8FFEB-C6A6-4730-A74A-5A59361E47D1}.Release|x64.ActiveCfg = Release|Any CPU
		{D9F8FFEB-C6A6-4730-A74A-5A59361E47D1}.Release|x64.Build.0 = Release|Any CPU
		{D9F8FFEB-C6A6-4730-A74A-5A59361E47D1}.Release|x86.ActiveCfg = Release|Any CPU
		{D9F8FFEB-C6A6-4730-A74A-5A59361E47D1}.Release|x86.Build.0 = Release|Any CPU
		{E9B7266E-8465-4154-BC4D-696C9308D078}.Debug|Any CPU.ActiveCfg = Debug|Any CPU
		{E9B7266E-8465-4154-BC4D-696C9308D078}.Debug|Any CPU.Build.0 = Debug|Any CPU
		{E9B7266E-8465-4154-BC4D-696C9308D078}.Debug|ARM.ActiveCfg = Debug|Any CPU
		{E9B7266E-8465-4154-BC4D-696C9308D078}.Debug|ARM.Build.0 = Debug|Any CPU
		{E9B7266E-8465-4154-BC4D-696C9308D078}.Debug|ARM64.ActiveCfg = Debug|Any CPU
		{E9B7266E-8465-4154-BC4D-696C9308D078}.Debug|ARM64.Build.0 = Debug|Any CPU
		{E9B7266E-8465-4154-BC4D-696C9308D078}.Debug|x64.ActiveCfg = Debug|Any CPU
		{E9B7266E-8465-4154-BC4D-696C9308D078}.Debug|x64.Build.0 = Debug|Any CPU
		{E9B7266E-8465-4154-BC4D-696C9308D078}.Debug|x86.ActiveCfg = Debug|Any CPU
		{E9B7266E-8465-4154-BC4D-696C9308D078}.Debug|x86.Build.0 = Debug|Any CPU
		{E9B7266E-8465-4154-BC4D-696C9308D078}.Release|Any CPU.ActiveCfg = Release|Any CPU
		{E9B7266E-8465-4154-BC4D-696C9308D078}.Release|Any CPU.Build.0 = Release|Any CPU
		{E9B7266E-8465-4154-BC4D-696C9308D078}.Release|ARM.ActiveCfg = Release|Any CPU
		{E9B7266E-8465-4154-BC4D-696C9308D078}.Release|ARM.Build.0 = Release|Any CPU
		{E9B7266E-8465-4154-BC4D-696C9308D078}.Release|ARM64.ActiveCfg = Release|Any CPU
		{E9B7266E-8465-4154-BC4D-696C9308D078}.Release|ARM64.Build.0 = Release|Any CPU
		{E9B7266E-8465-4154-BC4D-696C9308D078}.Release|x64.ActiveCfg = Release|Any CPU
		{E9B7266E-8465-4154-BC4D-696C9308D078}.Release|x64.Build.0 = Release|Any CPU
		{E9B7266E-8465-4154-BC4D-696C9308D078}.Release|x86.ActiveCfg = Release|Any CPU
		{E9B7266E-8465-4154-BC4D-696C9308D078}.Release|x86.Build.0 = Release|Any CPU
		{E34E5EF6-D388-4801-92C1-3CD58A9ACC60}.Debug|Any CPU.ActiveCfg = Debug|x64
		{E34E5EF6-D388-4801-92C1-3CD58A9ACC60}.Debug|Any CPU.Build.0 = Debug|x64
		{E34E5EF6-D388-4801-92C1-3CD58A9ACC60}.Debug|Any CPU.Deploy.0 = Debug|x64
		{E34E5EF6-D388-4801-92C1-3CD58A9ACC60}.Debug|ARM.ActiveCfg = Debug|ARM
		{E34E5EF6-D388-4801-92C1-3CD58A9ACC60}.Debug|ARM.Build.0 = Debug|ARM
		{E34E5EF6-D388-4801-92C1-3CD58A9ACC60}.Debug|ARM.Deploy.0 = Debug|ARM
		{E34E5EF6-D388-4801-92C1-3CD58A9ACC60}.Debug|ARM64.ActiveCfg = Debug|x64
		{E34E5EF6-D388-4801-92C1-3CD58A9ACC60}.Debug|ARM64.Build.0 = Debug|x64
		{E34E5EF6-D388-4801-92C1-3CD58A9ACC60}.Debug|ARM64.Deploy.0 = Debug|x64
		{E34E5EF6-D388-4801-92C1-3CD58A9ACC60}.Debug|x64.ActiveCfg = Debug|x64
		{E34E5EF6-D388-4801-92C1-3CD58A9ACC60}.Debug|x64.Build.0 = Debug|x64
		{E34E5EF6-D388-4801-92C1-3CD58A9ACC60}.Debug|x64.Deploy.0 = Debug|x64
		{E34E5EF6-D388-4801-92C1-3CD58A9ACC60}.Debug|x86.ActiveCfg = Debug|x86
		{E34E5EF6-D388-4801-92C1-3CD58A9ACC60}.Debug|x86.Build.0 = Debug|x86
		{E34E5EF6-D388-4801-92C1-3CD58A9ACC60}.Debug|x86.Deploy.0 = Debug|x86
		{E34E5EF6-D388-4801-92C1-3CD58A9ACC60}.Release|Any CPU.ActiveCfg = Release|x64
		{E34E5EF6-D388-4801-92C1-3CD58A9ACC60}.Release|Any CPU.Build.0 = Release|x64
		{E34E5EF6-D388-4801-92C1-3CD58A9ACC60}.Release|Any CPU.Deploy.0 = Release|x64
		{E34E5EF6-D388-4801-92C1-3CD58A9ACC60}.Release|ARM.ActiveCfg = Release|ARM
		{E34E5EF6-D388-4801-92C1-3CD58A9ACC60}.Release|ARM.Build.0 = Release|ARM
		{E34E5EF6-D388-4801-92C1-3CD58A9ACC60}.Release|ARM.Deploy.0 = Release|ARM
		{E34E5EF6-D388-4801-92C1-3CD58A9ACC60}.Release|ARM64.ActiveCfg = Release|x64
		{E34E5EF6-D388-4801-92C1-3CD58A9ACC60}.Release|ARM64.Build.0 = Release|x64
		{E34E5EF6-D388-4801-92C1-3CD58A9ACC60}.Release|ARM64.Deploy.0 = Release|x64
		{E34E5EF6-D388-4801-92C1-3CD58A9ACC60}.Release|x64.ActiveCfg = Release|x64
		{E34E5EF6-D388-4801-92C1-3CD58A9ACC60}.Release|x64.Build.0 = Release|x64
		{E34E5EF6-D388-4801-92C1-3CD58A9ACC60}.Release|x64.Deploy.0 = Release|x64
		{E34E5EF6-D388-4801-92C1-3CD58A9ACC60}.Release|x86.ActiveCfg = Release|x86
		{E34E5EF6-D388-4801-92C1-3CD58A9ACC60}.Release|x86.Build.0 = Release|x86
		{E34E5EF6-D388-4801-92C1-3CD58A9ACC60}.Release|x86.Deploy.0 = Release|x86
		{B805E8E1-5781-485D-A76F-3E746D37C959}.Debug|Any CPU.ActiveCfg = Debug|Any CPU
		{B805E8E1-5781-485D-A76F-3E746D37C959}.Debug|Any CPU.Build.0 = Debug|Any CPU
		{B805E8E1-5781-485D-A76F-3E746D37C959}.Debug|Any CPU.Deploy.0 = Debug|Any CPU
		{B805E8E1-5781-485D-A76F-3E746D37C959}.Debug|ARM.ActiveCfg = Debug|Any CPU
		{B805E8E1-5781-485D-A76F-3E746D37C959}.Debug|ARM.Build.0 = Debug|Any CPU
		{B805E8E1-5781-485D-A76F-3E746D37C959}.Debug|ARM.Deploy.0 = Debug|Any CPU
		{B805E8E1-5781-485D-A76F-3E746D37C959}.Debug|ARM64.ActiveCfg = Debug|Any CPU
		{B805E8E1-5781-485D-A76F-3E746D37C959}.Debug|ARM64.Build.0 = Debug|Any CPU
		{B805E8E1-5781-485D-A76F-3E746D37C959}.Debug|ARM64.Deploy.0 = Debug|Any CPU
		{B805E8E1-5781-485D-A76F-3E746D37C959}.Debug|x64.ActiveCfg = Debug|Any CPU
		{B805E8E1-5781-485D-A76F-3E746D37C959}.Debug|x64.Build.0 = Debug|Any CPU
		{B805E8E1-5781-485D-A76F-3E746D37C959}.Debug|x64.Deploy.0 = Debug|Any CPU
		{B805E8E1-5781-485D-A76F-3E746D37C959}.Debug|x86.ActiveCfg = Debug|Any CPU
		{B805E8E1-5781-485D-A76F-3E746D37C959}.Debug|x86.Build.0 = Debug|Any CPU
		{B805E8E1-5781-485D-A76F-3E746D37C959}.Debug|x86.Deploy.0 = Debug|Any CPU
		{B805E8E1-5781-485D-A76F-3E746D37C959}.Release|Any CPU.ActiveCfg = Release|Any CPU
		{B805E8E1-5781-485D-A76F-3E746D37C959}.Release|Any CPU.Build.0 = Release|Any CPU
		{B805E8E1-5781-485D-A76F-3E746D37C959}.Release|Any CPU.Deploy.0 = Release|Any CPU
		{B805E8E1-5781-485D-A76F-3E746D37C959}.Release|ARM.ActiveCfg = Release|Any CPU
		{B805E8E1-5781-485D-A76F-3E746D37C959}.Release|ARM.Build.0 = Release|Any CPU
		{B805E8E1-5781-485D-A76F-3E746D37C959}.Release|ARM.Deploy.0 = Release|Any CPU
		{B805E8E1-5781-485D-A76F-3E746D37C959}.Release|ARM64.ActiveCfg = Release|Any CPU
		{B805E8E1-5781-485D-A76F-3E746D37C959}.Release|ARM64.Build.0 = Release|Any CPU
		{B805E8E1-5781-485D-A76F-3E746D37C959}.Release|ARM64.Deploy.0 = Release|Any CPU
		{B805E8E1-5781-485D-A76F-3E746D37C959}.Release|x64.ActiveCfg = Release|Any CPU
		{B805E8E1-5781-485D-A76F-3E746D37C959}.Release|x64.Build.0 = Release|Any CPU
		{B805E8E1-5781-485D-A76F-3E746D37C959}.Release|x64.Deploy.0 = Release|Any CPU
		{B805E8E1-5781-485D-A76F-3E746D37C959}.Release|x86.ActiveCfg = Release|Any CPU
		{B805E8E1-5781-485D-A76F-3E746D37C959}.Release|x86.Build.0 = Release|Any CPU
		{B805E8E1-5781-485D-A76F-3E746D37C959}.Release|x86.Deploy.0 = Release|Any CPU
		{0AA462AA-9420-4C12-A342-754A5ECE3C75}.Debug|Any CPU.ActiveCfg = Debug|Any CPU
		{0AA462AA-9420-4C12-A342-754A5ECE3C75}.Debug|Any CPU.Build.0 = Debug|Any CPU
		{0AA462AA-9420-4C12-A342-754A5ECE3C75}.Debug|ARM.ActiveCfg = Debug|Any CPU
		{0AA462AA-9420-4C12-A342-754A5ECE3C75}.Debug|ARM.Build.0 = Debug|Any CPU
		{0AA462AA-9420-4C12-A342-754A5ECE3C75}.Debug|ARM64.ActiveCfg = Debug|Any CPU
		{0AA462AA-9420-4C12-A342-754A5ECE3C75}.Debug|ARM64.Build.0 = Debug|Any CPU
		{0AA462AA-9420-4C12-A342-754A5ECE3C75}.Debug|x64.ActiveCfg = Debug|Any CPU
		{0AA462AA-9420-4C12-A342-754A5ECE3C75}.Debug|x64.Build.0 = Debug|Any CPU
		{0AA462AA-9420-4C12-A342-754A5ECE3C75}.Debug|x86.ActiveCfg = Debug|Any CPU
		{0AA462AA-9420-4C12-A342-754A5ECE3C75}.Debug|x86.Build.0 = Debug|Any CPU
		{0AA462AA-9420-4C12-A342-754A5ECE3C75}.Release|Any CPU.ActiveCfg = Release|Any CPU
		{0AA462AA-9420-4C12-A342-754A5ECE3C75}.Release|Any CPU.Build.0 = Release|Any CPU
		{0AA462AA-9420-4C12-A342-754A5ECE3C75}.Release|ARM.ActiveCfg = Release|Any CPU
		{0AA462AA-9420-4C12-A342-754A5ECE3C75}.Release|ARM.Build.0 = Release|Any CPU
		{0AA462AA-9420-4C12-A342-754A5ECE3C75}.Release|ARM64.ActiveCfg = Release|Any CPU
		{0AA462AA-9420-4C12-A342-754A5ECE3C75}.Release|ARM64.Build.0 = Release|Any CPU
		{0AA462AA-9420-4C12-A342-754A5ECE3C75}.Release|x64.ActiveCfg = Release|Any CPU
		{0AA462AA-9420-4C12-A342-754A5ECE3C75}.Release|x64.Build.0 = Release|Any CPU
		{0AA462AA-9420-4C12-A342-754A5ECE3C75}.Release|x86.ActiveCfg = Release|Any CPU
		{0AA462AA-9420-4C12-A342-754A5ECE3C75}.Release|x86.Build.0 = Release|Any CPU
	EndGlobalSection
	GlobalSection(SolutionProperties) = preSolution
		HideSolutionNode = FALSE
	EndGlobalSection
	GlobalSection(NestedProjects) = preSolution
		{E69DC90B-51F2-4491-8AB8-18F411C541B0} = {FC31F544-ECB3-4D37-A8BA-2CBE47E2DC8B}
		{4641743F-D0DF-4A17-B60B-1331FC164B67} = {E69DC90B-51F2-4491-8AB8-18F411C541B0}
		{5C6A2DC6-20B1-4D09-AEA3-9B197FEF8DA6} = {E69DC90B-51F2-4491-8AB8-18F411C541B0}
		{5351609D-072C-405C-9E47-25B64CA1E4CD} = {4641743F-D0DF-4A17-B60B-1331FC164B67}
		{BF45690B-9DD8-4E8A-9D41-0BEC309F2795} = {4641743F-D0DF-4A17-B60B-1331FC164B67}
		{014506A7-2013-4A74-B50E-BE9D52C643B2} = {4641743F-D0DF-4A17-B60B-1331FC164B67}
		{D9F8FFEB-C6A6-4730-A74A-5A59361E47D1} = {5C6A2DC6-20B1-4D09-AEA3-9B197FEF8DA6}
		{E9B7266E-8465-4154-BC4D-696C9308D078} = {0A2529AC-3607-48BC-B757-84A7E86BD500}
		{F794E7A8-EFDB-48F9-B575-139151E329F6} = {0A2529AC-3607-48BC-B757-84A7E86BD500}
		{E34E5EF6-D388-4801-92C1-3CD58A9ACC60} = {F794E7A8-EFDB-48F9-B575-139151E329F6}
		{B805E8E1-5781-485D-A76F-3E746D37C959} = {F794E7A8-EFDB-48F9-B575-139151E329F6}
		{0AA462AA-9420-4C12-A342-754A5ECE3C75} = {F794E7A8-EFDB-48F9-B575-139151E329F6}
	EndGlobalSection
	GlobalSection(ExtensibilityGlobals) = postSolution
		SolutionGuid = {807151C6-1F6D-4DE4-AE93-ECC2B8E6871F}
	EndGlobalSection
EndGlobal
